
Microsoft Visual Studio Solution File, Format Version 11.00
# Visual Studio 2010
Project("{888888A0-9F3D-457C-B088-3A5042F75D52}") = "TestMilitaryFeatureConverters", "TestMilitaryFeatureConverters.pyproj", "{065C0CDC-F523-4345-A513-1BF16C9D9234}"
EndProject
Global
	GlobalSection(SolutionConfigurationPlatforms) = preSolution
		Debug|Any CPU = Debug|Any CPU
		Release|Any CPU = Release|Any CPU
	EndGlobalSection
	GlobalSection(ProjectConfigurationPlatforms) = postSolution
		{065C0CDC-F523-4345-A513-1BF16C9D9234}.Debug|Any CPU.ActiveCfg = Debug|Any CPU
		{065C0CDC-F523-4345-A513-1BF16C9D9234}.Release|Any CPU.ActiveCfg = Release|Any CPU
	EndGlobalSection
	GlobalSection(SolutionProperties) = preSolution
		HideSolutionNode = FALSE
	EndGlobalSection
EndGlobal
